
Microsoft Visual Studio Solution File, Format Version 12.00
# Visual Studio 15
VisualStudioVersion = 15.0.28010.2048
MinimumVisualStudioVersion = 10.0.40219.1
Project("{FAE04EC0-301F-11D3-BF4B-00C04F79EFBC}") = "20181101KirtasiyeUyg", "20181101KirtasiyeUyg\20181101KirtasiyeUyg.csproj", "{CBA77E89-737C-4323-B3F9-9F4A827D70CE}"
EndProject
Global
	GlobalSection(SolutionConfigurationPlatforms) = preSolution
		Debug|Any CPU = Debug|Any CPU
		Release|Any CPU = Release|Any CPU
	EndGlobalSection
	GlobalSection(ProjectConfigurationPlatforms) = postSolution
		{CBA77E89-737C-4323-B3F9-9F4A827D70CE}.Debug|Any CPU.ActiveCfg = Debug|Any CPU
		{CBA77E89-737C-4323-B3F9-9F4A827D70CE}.Debug|Any CPU.Build.0 = Debug|Any CPU
		{CBA77E89-737C-4323-B3F9-9F4A827D70CE}.Release|Any CPU.ActiveCfg = Release|Any CPU
		{CBA77E89-737C-4323-B3F9-9F4A827D70CE}.Release|Any CPU.Build.0 = Release|Any CPU
	EndGlobalSection
	GlobalSection(SolutionProperties) = preSolution
		HideSolutionNode = FALSE
	EndGlobalSection
	GlobalSection(ExtensibilityGlobals) = postSolution
		SolutionGuid = {DE1D507D-5A65-43BD-B642-17F6472833FB}
	EndGlobalSection
EndGlobal
